
Microsoft Visual Studio Solution File, Format Version 12.00
# Visual Studio Version 16
VisualStudioVersion = 16.0.30907.101
MinimumVisualStudioVersion = 10.0.40219.1
Project("{9A19103F-16F7-4668-BE54-9A1E7A4F7556}") = "GothLife", "GothLife.csproj", "{5FB357D1-3127-493A-8DBD-7783E99A01D1}"
EndProject
Global
	GlobalSection(SolutionConfigurationPlatforms) = preSolution
		Debug|Any CPU = Debug|Any CPU
		Release|Any CPU = Release|Any CPU
	EndGlobalSection
	GlobalSection(ProjectConfigurationPlatforms) = postSolution
		{5FB357D1-3127-493A-8DBD-7783E99A01D1}.Debug|Any CPU.ActiveCfg = Debug|Any CPU
		{5FB357D1-3127-493A-8DBD-7783E99A01D1}.Debug|Any CPU.Build.0 = Debug|Any CPU
		{5FB357D1-3127-493A-8DBD-7783E99A01D1}.Release|Any CPU.ActiveCfg = Release|Any CPU
		{5FB357D1-3127-493A-8DBD-7783E99A01D1}.Release|Any CPU.Build.0 = Release|Any CPU
	EndGlobalSection
	GlobalSection(SolutionProperties) = preSolution
		HideSolutionNode = FALSE
	EndGlobalSection
	GlobalSection(ExtensibilityGlobals) = postSolution
		SolutionGuid = {C940DD59-EBD4-4A0C-86BD-A4AE6A8E8158}
	EndGlobalSection
EndGlobal
